
Microsoft Visual Studio Solution File, Format Version 12.00
# Visual Studio Version 17
VisualStudioVersion = 17.5.33424.131
MinimumVisualStudioVersion = 10.0.40219.1
Project("{FAE04EC0-301F-11D3-BF4B-00C04F79EFBC}") = "ConsoleProjeckt", "ConsoleProjeckt\ConsoleProjeckt.csproj", "{CED2F6DE-63C2-4BCD-941A-623DDB300E16}"
EndProject
Global
	GlobalSection(SolutionConfigurationPlatforms) = preSolution
		Debug|Any CPU = Debug|Any CPU
		Release|Any CPU = Release|Any CPU
	EndGlobalSection
	GlobalSection(ProjectConfigurationPlatforms) = postSolution
		{CED2F6DE-63C2-4BCD-941A-623DDB300E16}.Debug|Any CPU.ActiveCfg = Debug|Any CPU
		{CED2F6DE-63C2-4BCD-941A-623DDB300E16}.Debug|Any CPU.Build.0 = Debug|Any CPU
		{CED2F6DE-63C2-4BCD-941A-623DDB300E16}.Release|Any CPU.ActiveCfg = Release|Any CPU
		{CED2F6DE-63C2-4BCD-941A-623DDB300E16}.Release|Any CPU.Build.0 = Release|Any CPU
	EndGlobalSection
	GlobalSection(SolutionProperties) = preSolution
		HideSolutionNode = FALSE
	EndGlobalSection
	GlobalSection(ExtensibilityGlobals) = postSolution
		SolutionGuid = {304F355A-05F2-4E19-A85D-A239DD16496B}
	EndGlobalSection
EndGlobal
